
Microsoft Visual Studio Solution File, Format Version 12.00
# Visual Studio Version 17
VisualStudioVersion = 17.5.33424.131
MinimumVisualStudioVersion = 10.0.40219.1
Project("{FAE04EC0-301F-11D3-BF4B-00C04F79EFBC}") = "PrivateClassApp.MVC", "PrivateClassApp.MVC\PrivateClassApp.MVC.csproj", "{5E40DF41-AD77-461B-B5FE-A4DC20E753BF}"
EndProject
Project("{FAE04EC0-301F-11D3-BF4B-00C04F79EFBC}") = "PrivateClassApp.Entity", "PrivateClassApp.Entity\PrivateClassApp.Entity.csproj", "{683636D0-4FF1-45D3-BD7A-00BCF303538C}"
EndProject
Project("{FAE04EC0-301F-11D3-BF4B-00C04F79EFBC}") = "PrivateClassApp.Data", "PrivateClassApp.Data\PrivateClassApp.Data.csproj", "{CA4E58B9-E03A-444B-8F9C-432EA0363126}"
EndProject
Project("{FAE04EC0-301F-11D3-BF4B-00C04F79EFBC}") = "PrivateClassApp.Core", "PrivateClassApp.Core\PrivateClassApp.Core.csproj", "{DC39C89B-1194-4F61-BABA-55B02DE6C820}"
EndProject
Project("{FAE04EC0-301F-11D3-BF4B-00C04F79EFBC}") = "PrivateClassApp.Business", "PrivateClassApp.Business\PrivateClassApp.Business.csproj", "{A5BCFC54-BD60-4677-AD7D-4DC5CC1059A8}"
EndProject
Global
	GlobalSection(SolutionConfigurationPlatforms) = preSolution
		Debug|Any CPU = Debug|Any CPU
		Release|Any CPU = Release|Any CPU
	EndGlobalSection
	GlobalSection(ProjectConfigurationPlatforms) = postSolution
		{5E40DF41-AD77-461B-B5FE-A4DC20E753BF}.Debug|Any CPU.ActiveCfg = Debug|Any CPU
		{5E40DF41-AD77-461B-B5FE-A4DC20E753BF}.Debug|Any CPU.Build.0 = Debug|Any CPU
		{5E40DF41-AD77-461B-B5FE-A4DC20E753BF}.Release|Any CPU.ActiveCfg = Release|Any CPU
		{5E40DF41-AD77-461B-B5FE-A4DC20E753BF}.Release|Any CPU.Build.0 = Release|Any CPU
		{683636D0-4FF1-45D3-BD7A-00BCF303538C}.Debug|Any CPU.ActiveCfg = Debug|Any CPU
		{683636D0-4FF1-45D3-BD7A-00BCF303538C}.Debug|Any CPU.Build.0 = Debug|Any CPU
		{683636D0-4FF1-45D3-BD7A-00BCF303538C}.Release|Any CPU.ActiveCfg = Release|Any CPU
		{683636D0-4FF1-45D3-BD7A-00BCF303538C}.Release|Any CPU.Build.0 = Release|Any CPU
		{CA4E58B9-E03A-444B-8F9C-432EA0363126}.Debug|Any CPU.ActiveCfg = Debug|Any CPU
		{CA4E58B9-E03A-444B-8F9C-432EA0363126}.Debug|Any CPU.Build.0 = Debug|Any CPU
		{CA4E58B9-E03A-444B-8F9C-432EA0363126}.Release|Any CPU.ActiveCfg = Release|Any CPU
		{CA4E58B9-E03A-444B-8F9C-432EA0363126}.Release|Any CPU.Build.0 = Release|Any CPU
		{DC39C89B-1194-4F61-BABA-55B02DE6C820}.Debug|Any CPU.ActiveCfg = Debug|Any CPU
		{DC39C89B-1194-4F61-BABA-55B02DE6C820}.Debug|Any CPU.Build.0 = Debug|Any CPU
		{DC39C89B-1194-4F61-BABA-55B02DE6C820}.Release|Any CPU.ActiveCfg = Release|Any CPU
		{DC39C89B-1194-4F61-BABA-55B02DE6C820}.Release|Any CPU.Build.0 = Release|Any CPU
		{A5BCFC54-BD60-4677-AD7D-4DC5CC1059A8}.Debug|Any CPU.ActiveCfg = Debug|Any CPU
		{A5BCFC54-BD60-4677-AD7D-4DC5CC1059A8}.Debug|Any CPU.Build.0 = Debug|Any CPU
		{A5BCFC54-BD60-4677-AD7D-4DC5CC1059A8}.Release|Any CPU.ActiveCfg = Release|Any CPU
		{A5BCFC54-BD60-4677-AD7D-4DC5CC1059A8}.Release|Any CPU.Build.0 = Release|Any CPU
	EndGlobalSection
	GlobalSection(SolutionProperties) = preSolution
		HideSolutionNode = FALSE
	EndGlobalSection
	GlobalSection(ExtensibilityGlobals) = postSolution
		SolutionGuid = {F1C595C2-74DD-44DD-8129-5CB4AE63A41F}
	EndGlobalSection
EndGlobal
